
Microsoft Visual Studio Solution File, Format Version 11.00
# Visual Studio 2010
# SharpDevelop 5.1
Project("{FAE04EC0-301F-11D3-BF4B-00C04F79EFBC}") = "at04", "at04\at04.csproj", "{C0403790-4206-4992-8C43-D1925B6C9FA5}"
EndProject
Global
	GlobalSection(SolutionConfigurationPlatforms) = preSolution
		Debug|Any CPU = Debug|Any CPU
		Release|Any CPU = Release|Any CPU
	EndGlobalSection
	GlobalSection(ProjectConfigurationPlatforms) = postSolution
		{C0403790-4206-4992-8C43-D1925B6C9FA5}.Debug|Any CPU.ActiveCfg = Debug|Any CPU
		{C0403790-4206-4992-8C43-D1925B6C9FA5}.Debug|Any CPU.Build.0 = Debug|Any CPU
		{C0403790-4206-4992-8C43-D1925B6C9FA5}.Release|Any CPU.ActiveCfg = Release|Any CPU
		{C0403790-4206-4992-8C43-D1925B6C9FA5}.Release|Any CPU.Build.0 = Release|Any CPU
	EndGlobalSection
EndGlobal
