
Microsoft Visual Studio Solution File, Format Version 11.00
# Visual Studio 2010
# SharpDevelop 5.1
Project("{FAE04EC0-301F-11D3-BF4B-00C04F79EFBC}") = "at03", "at03\at03.csproj", "{0CDEE1D6-1F0E-4344-B7CC-2721B7A8723C}"
EndProject
Global
	GlobalSection(SolutionConfigurationPlatforms) = preSolution
		Debug|Any CPU = Debug|Any CPU
		Release|Any CPU = Release|Any CPU
	EndGlobalSection
	GlobalSection(ProjectConfigurationPlatforms) = postSolution
		{0CDEE1D6-1F0E-4344-B7CC-2721B7A8723C}.Debug|Any CPU.ActiveCfg = Debug|Any CPU
		{0CDEE1D6-1F0E-4344-B7CC-2721B7A8723C}.Debug|Any CPU.Build.0 = Debug|Any CPU
		{0CDEE1D6-1F0E-4344-B7CC-2721B7A8723C}.Release|Any CPU.ActiveCfg = Release|Any CPU
		{0CDEE1D6-1F0E-4344-B7CC-2721B7A8723C}.Release|Any CPU.Build.0 = Release|Any CPU
	EndGlobalSection
EndGlobal
