
Microsoft Visual Studio Solution File, Format Version 11.00
# Visual Studio 2010
# SharpDevelop 5.1
Project("{FAE04EC0-301F-11D3-BF4B-00C04F79EFBC}") = "at05", "at05\at05.csproj", "{111246E4-F31A-41BE-8183-255BEBCF47E4}"
EndProject
Global
	GlobalSection(SolutionConfigurationPlatforms) = preSolution
		Debug|Any CPU = Debug|Any CPU
		Release|Any CPU = Release|Any CPU
	EndGlobalSection
	GlobalSection(ProjectConfigurationPlatforms) = postSolution
		{111246E4-F31A-41BE-8183-255BEBCF47E4}.Debug|Any CPU.ActiveCfg = Debug|Any CPU
		{111246E4-F31A-41BE-8183-255BEBCF47E4}.Debug|Any CPU.Build.0 = Debug|Any CPU
		{111246E4-F31A-41BE-8183-255BEBCF47E4}.Release|Any CPU.ActiveCfg = Release|Any CPU
		{111246E4-F31A-41BE-8183-255BEBCF47E4}.Release|Any CPU.Build.0 = Release|Any CPU
	EndGlobalSection
EndGlobal
